// !$*UTF8*$!
{
	archiveVersion = 1;
	classes = {
	};
	objectVersion = 46;
	objects = {

/* Begin PBXBuildFile section */
		42C828A040D963F2BE9CE5F1 /* Pods_Pippip.framework in Frameworks */ = {isa = PBXBuildFile; fileRef = 04164370A78B15AED1D1EA6E /* Pods_Pippip.framework */; };
		8C268E72026CF946BB78A612 /* Pods_PippipUITests.framework in Frameworks */ = {isa = PBXBuildFile; fileRef = BDCCE65B92297B113F4AC72A /* Pods_PippipUITests.framework */; };
		A84D05F72E5F4BB24C0DA169 /* Pods_PippipTests.framework in Frameworks */ = {isa = PBXBuildFile; fileRef = 50D2646C0E5BB73F5B899872 /* Pods_PippipTests.framework */; };
		DD0561711E100CBF0037B29B /* SingInViewController.swift in Sources */ = {isa = PBXBuildFile; fileRef = DD0561701E100CBF0037B29B /* SingInViewController.swift */; };
		DD159A3F1E0FC3AC0045F71B /* AppDelegate.swift in Sources */ = {isa = PBXBuildFile; fileRef = DD159A3E1E0FC3AC0045F71B /* AppDelegate.swift */; };
		DD159A411E0FC3AC0045F71B /* ViewController.swift in Sources */ = {isa = PBXBuildFile; fileRef = DD159A401E0FC3AC0045F71B /* ViewController.swift */; };
		DD159A441E0FC3AC0045F71B /* Main.storyboard in Resources */ = {isa = PBXBuildFile; fileRef = DD159A421E0FC3AC0045F71B /* Main.storyboard */; };
		DD159A471E0FC3AC0045F71B /* Pippip.xcdatamodeld in Sources */ = {isa = PBXBuildFile; fileRef = DD159A451E0FC3AC0045F71B /* Pippip.xcdatamodeld */; };
		DD159A491E0FC3AC0045F71B /* Assets.xcassets in Resources */ = {isa = PBXBuildFile; fileRef = DD159A481E0FC3AC0045F71B /* Assets.xcassets */; };
		DD159A4C1E0FC3AC0045F71B /* LaunchScreen.storyboard in Resources */ = {isa = PBXBuildFile; fileRef = DD159A4A1E0FC3AC0045F71B /* LaunchScreen.storyboard */; };
		DD159A571E0FC3AC0045F71B /* PippipTests.swift in Sources */ = {isa = PBXBuildFile; fileRef = DD159A561E0FC3AC0045F71B /* PippipTests.swift */; };
		DD159A621E0FC3AC0045F71B /* PippipUITests.swift in Sources */ = {isa = PBXBuildFile; fileRef = DD159A611E0FC3AC0045F71B /* PippipUITests.swift */; };
		DD159A701E0FC40A0045F71B /* GoogleService-Info.plist in Resources */ = {isa = PBXBuildFile; fileRef = DD159A6F1E0FC40A0045F71B /* GoogleService-Info.plist */; };
		DD1A01CC1E1E26A900F4A303 /* Message.swift in Sources */ = {isa = PBXBuildFile; fileRef = DD1A01CB1E1E26A900F4A303 /* Message.swift */; };
		DD1A01CE1E1E3B8300F4A303 /* roomChatController.swift in Sources */ = {isa = PBXBuildFile; fileRef = DD1A01CD1E1E3B8300F4A303 /* roomChatController.swift */; };
		DD2216CD1E24656C00564F9F /* TabBarController.swift in Sources */ = {isa = PBXBuildFile; fileRef = DD2216CC1E24656C00564F9F /* TabBarController.swift */; };
		DD2216CF1E25D09A00564F9F /* settingController.swift in Sources */ = {isa = PBXBuildFile; fileRef = DD2216CE1E25D09A00564F9F /* settingController.swift */; };
		DD2819A81E29226700E0C7D0 /* conditionRoomController.swift in Sources */ = {isa = PBXBuildFile; fileRef = DD2819A71E29226700E0C7D0 /* conditionRoomController.swift */; };
		DD2819AA1E293B7800E0C7D0 /* addConToFriendController.swift in Sources */ = {isa = PBXBuildFile; fileRef = DD2819A91E293B7800E0C7D0 /* addConToFriendController.swift */; };
		DD5A121D1E1553D8005A70A8 /* SingUpController.swift in Sources */ = {isa = PBXBuildFile; fileRef = DD5A121C1E1553D8005A70A8 /* SingUpController.swift */; };
		DD76493E1E1805C6007BFF56 /* chatController.swift in Sources */ = {isa = PBXBuildFile; fileRef = DD76493D1E1805C6007BFF56 /* chatController.swift */; };
		DD9ECA931E1CF01100673F5B /* roomCell.swift in Sources */ = {isa = PBXBuildFile; fileRef = DD9ECA921E1CF01100673F5B /* roomCell.swift */; };
		DD9ECA951E1CF04900673F5B /* chatRoomController.swift in Sources */ = {isa = PBXBuildFile; fileRef = DD9ECA941E1CF04900673F5B /* chatRoomController.swift */; };
		DD9ECA971E1CF26000673F5B /* User.swift in Sources */ = {isa = PBXBuildFile; fileRef = DD9ECA961E1CF26000673F5B /* User.swift */; };
		DD9ECA9B1E1CF41200673F5B /* Extensions.swift in Sources */ = {isa = PBXBuildFile; fileRef = DD9ECA9A1E1CF41200673F5B /* Extensions.swift */; };
		DDCEADF21E2637AD00EF98C4 /* ConditionCell.swift in Sources */ = {isa = PBXBuildFile; fileRef = DDCEADF11E2637AD00EF98C4 /* ConditionCell.swift */; };
		DDCEADF41E26384800EF98C4 /* addConditionController.swift in Sources */ = {isa = PBXBuildFile; fileRef = DDCEADF31E26384800EF98C4 /* addConditionController.swift */; };
		DDCEADF61E26488200EF98C4 /* DatePickerController.swift in Sources */ = {isa = PBXBuildFile; fileRef = DDCEADF51E26488200EF98C4 /* DatePickerController.swift */; };
/* End PBXBuildFile section */

/* Begin PBXContainerItemProxy section */
		DD159A531E0FC3AC0045F71B /* PBXContainerItemProxy */ = {
			isa = PBXContainerItemProxy;
			containerPortal = DD159A331E0FC3AC0045F71B /* Project object */;
			proxyType = 1;
			remoteGlobalIDString = DD159A3A1E0FC3AC0045F71B;
			remoteInfo = Pippip;
		};
		DD159A5E1E0FC3AC0045F71B /* PBXContainerItemProxy */ = {
			isa = PBXContainerItemProxy;
			containerPortal = DD159A331E0FC3AC0045F71B /* Project object */;
			proxyType = 1;
			remoteGlobalIDString = DD159A3A1E0FC3AC0045F71B;
			remoteInfo = Pippip;
		};
/* End PBXContainerItemProxy section */

/* Begin PBXFileReference section */
		04164370A78B15AED1D1EA6E /* Pods_Pippip.framework */ = {isa = PBXFileReference; explicitFileType = wrapper.framework; includeInIndex = 0; path = Pods_Pippip.framework; sourceTree = BUILT_PRODUCTS_DIR; };
		50D2646C0E5BB73F5B899872 /* Pods_PippipTests.framework */ = {isa = PBXFileReference; explicitFileType = wrapper.framework; includeInIndex = 0; path = Pods_PippipTests.framework; sourceTree = BUILT_PRODUCTS_DIR; };
		576897C1705CDBC153791598 /* Pods-Pippip.release.xcconfig */ = {isa = PBXFileReference; includeInIndex = 1; lastKnownFileType = text.xcconfig; name = "Pods-Pippip.release.xcconfig"; path = "Pods/Target Support Files/Pods-Pippip/Pods-Pippip.release.xcconfig"; sourceTree = "<group>"; };
		5B599649C5E8DBC6C26F63A0 /* Pods-PippipTests.debug.xcconfig */ = {isa = PBXFileReference; includeInIndex = 1; lastKnownFileType = text.xcconfig; name = "Pods-PippipTests.debug.xcconfig"; path = "Pods/Target Support Files/Pods-PippipTests/Pods-PippipTests.debug.xcconfig"; sourceTree = "<group>"; };
		76F37B21D49D80FB3DA9C0D1 /* Pods-PippipUITests.debug.xcconfig */ = {isa = PBXFileReference; includeInIndex = 1; lastKnownFileType = text.xcconfig; name = "Pods-PippipUITests.debug.xcconfig"; path = "Pods/Target Support Files/Pods-PippipUITests/Pods-PippipUITests.debug.xcconfig"; sourceTree = "<group>"; };
		7F487989D45DEA73EBA07FA0 /* Pods-PippipTests.release.xcconfig */ = {isa = PBXFileReference; includeInIndex = 1; lastKnownFileType = text.xcconfig; name = "Pods-PippipTests.release.xcconfig"; path = "Pods/Target Support Files/Pods-PippipTests/Pods-PippipTests.release.xcconfig"; sourceTree = "<group>"; };
		B277DB900042FDBE80E59DEA /* Pods-Pippip.debug.xcconfig */ = {isa = PBXFileReference; includeInIndex = 1; lastKnownFileType = text.xcconfig; name = "Pods-Pippip.debug.xcconfig"; path = "Pods/Target Support Files/Pods-Pippip/Pods-Pippip.debug.xcconfig"; sourceTree = "<group>"; };
		BDCCE65B92297B113F4AC72A /* Pods_PippipUITests.framework */ = {isa = PBXFileReference; explicitFileType = wrapper.framework; includeInIndex = 0; path = Pods_PippipUITests.framework; sourceTree = BUILT_PRODUCTS_DIR; };
		D4F845B9FE47A5D4F7233771 /* Pods-PippipUITests.release.xcconfig */ = {isa = PBXFileReference; includeInIndex = 1; lastKnownFileType = text.xcconfig; name = "Pods-PippipUITests.release.xcconfig"; path = "Pods/Target Support Files/Pods-PippipUITests/Pods-PippipUITests.release.xcconfig"; sourceTree = "<group>"; };
		DD0561701E100CBF0037B29B /* SingInViewController.swift */ = {isa = PBXFileReference; fileEncoding = 4; lastKnownFileType = sourcecode.swift; path = SingInViewController.swift; sourceTree = "<group>"; };
		DD0561721E101D870037B29B /* Pippip.entitlements */ = {isa = PBXFileReference; lastKnownFileType = text.plist.entitlements; path = Pippip.entitlements; sourceTree = "<group>"; };
		DD159A3B1E0FC3AC0045F71B /* Pippip.app */ = {isa = PBXFileReference; explicitFileType = wrapper.application; includeInIndex = 0; path = Pippip.app; sourceTree = BUILT_PRODUCTS_DIR; };
		DD159A3E1E0FC3AC0045F71B /* AppDelegate.swift */ = {isa = PBXFileReference; lastKnownFileType = sourcecode.swift; path = AppDelegate.swift; sourceTree = "<group>"; };
		DD159A401E0FC3AC0045F71B /* ViewController.swift */ = {isa = PBXFileReference; lastKnownFileType = sourcecode.swift; path = ViewController.swift; sourceTree = "<group>"; };
		DD159A431E0FC3AC0045F71B /* Base */ = {isa = PBXFileReference; lastKnownFileType = file.storyboard; name = Base; path = Base.lproj/Main.storyboard; sourceTree = "<group>"; };
		DD159A461E0FC3AC0045F71B /* Pippip.xcdatamodel */ = {isa = PBXFileReference; lastKnownFileType = wrapper.xcdatamodel; path = Pippip.xcdatamodel; sourceTree = "<group>"; };
		DD159A481E0FC3AC0045F71B /* Assets.xcassets */ = {isa = PBXFileReference; lastKnownFileType = folder.assetcatalog; path = Assets.xcassets; sourceTree = "<group>"; };
		DD159A4B1E0FC3AC0045F71B /* Base */ = {isa = PBXFileReference; lastKnownFileType = file.storyboard; name = Base; path = Base.lproj/LaunchScreen.storyboard; sourceTree = "<group>"; };
		DD159A4D1E0FC3AC0045F71B /* Info.plist */ = {isa = PBXFileReference; lastKnownFileType = text.plist.xml; path = Info.plist; sourceTree = "<group>"; };
		DD159A521E0FC3AC0045F71B /* PippipTests.xctest */ = {isa = PBXFileReference; explicitFileType = wrapper.cfbundle; includeInIndex = 0; path = PippipTests.xctest; sourceTree = BUILT_PRODUCTS_DIR; };
		DD159A561E0FC3AC0045F71B /* PippipTests.swift */ = {isa = PBXFileReference; lastKnownFileType = sourcecode.swift; path = PippipTests.swift; sourceTree = "<group>"; };
		DD159A581E0FC3AC0045F71B /* Info.plist */ = {isa = PBXFileReference; lastKnownFileType = text.plist.xml; path = Info.plist; sourceTree = "<group>"; };
		DD159A5D1E0FC3AC0045F71B /* PippipUITests.xctest */ = {isa = PBXFileReference; explicitFileType = wrapper.cfbundle; includeInIndex = 0; path = PippipUITests.xctest; sourceTree = BUILT_PRODUCTS_DIR; };
		DD159A611E0FC3AC0045F71B /* PippipUITests.swift */ = {isa = PBXFileReference; lastKnownFileType = sourcecode.swift; path = PippipUITests.swift; sourceTree = "<group>"; };
		DD159A631E0FC3AC0045F71B /* Info.plist */ = {isa = PBXFileReference; lastKnownFileType = text.plist.xml; path = Info.plist; sourceTree = "<group>"; };
		DD159A6F1E0FC40A0045F71B /* GoogleService-Info.plist */ = {isa = PBXFileReference; fileEncoding = 4; lastKnownFileType = text.plist.xml; path = "GoogleService-Info.plist"; sourceTree = "<group>"; };
		DD1A01CB1E1E26A900F4A303 /* Message.swift */ = {isa = PBXFileReference; fileEncoding = 4; lastKnownFileType = sourcecode.swift; path = Message.swift; sourceTree = "<group>"; };
		DD1A01CD1E1E3B8300F4A303 /* roomChatController.swift */ = {isa = PBXFileReference; fileEncoding = 4; lastKnownFileType = sourcecode.swift; path = roomChatController.swift; sourceTree = "<group>"; };
		DD2216CC1E24656C00564F9F /* TabBarController.swift */ = {isa = PBXFileReference; fileEncoding = 4; lastKnownFileType = sourcecode.swift; path = TabBarController.swift; sourceTree = "<group>"; };
		DD2216CE1E25D09A00564F9F /* settingController.swift */ = {isa = PBXFileReference; fileEncoding = 4; lastKnownFileType = sourcecode.swift; path = settingController.swift; sourceTree = "<group>"; };
		DD2819A71E29226700E0C7D0 /* conditionRoomController.swift */ = {isa = PBXFileReference; fileEncoding = 4; lastKnownFileType = sourcecode.swift; path = conditionRoomController.swift; sourceTree = "<group>"; };
		DD2819A91E293B7800E0C7D0 /* addConToFriendController.swift */ = {isa = PBXFileReference; fileEncoding = 4; lastKnownFileType = sourcecode.swift; path = addConToFriendController.swift; sourceTree = "<group>"; };
		DD5A121C1E1553D8005A70A8 /* SingUpController.swift */ = {isa = PBXFileReference; fileEncoding = 4; lastKnownFileType = sourcecode.swift; path = SingUpController.swift; sourceTree = "<group>"; };
		DD76493D1E1805C6007BFF56 /* chatController.swift */ = {isa = PBXFileReference; fileEncoding = 4; lastKnownFileType = sourcecode.swift; path = chatController.swift; sourceTree = "<group>"; };
		DD9ECA921E1CF01100673F5B /* roomCell.swift */ = {isa = PBXFileReference; fileEncoding = 4; lastKnownFileType = sourcecode.swift; path = roomCell.swift; sourceTree = "<group>"; };
		DD9ECA941E1CF04900673F5B /* chatRoomController.swift */ = {isa = PBXFileReference; fileEncoding = 4; lastKnownFileType = sourcecode.swift; path = chatRoomController.swift; sourceTree = "<group>"; };
		DD9ECA961E1CF26000673F5B /* User.swift */ = {isa = PBXFileReference; fileEncoding = 4; lastKnownFileType = sourcecode.swift; path = User.swift; sourceTree = "<group>"; };
		DD9ECA9A1E1CF41200673F5B /* Extensions.swift */ = {isa = PBXFileReference; fileEncoding = 4; lastKnownFileType = sourcecode.swift; path = Extensions.swift; sourceTree = "<group>"; };
		DDCEADF11E2637AD00EF98C4 /* ConditionCell.swift */ = {isa = PBXFileReference; fileEncoding = 4; lastKnownFileType = sourcecode.swift; path = ConditionCell.swift; sourceTree = "<group>"; };
		DDCEADF31E26384800EF98C4 /* addConditionController.swift */ = {isa = PBXFileReference; fileEncoding = 4; lastKnownFileType = sourcecode.swift; path = addConditionController.swift; sourceTree = "<group>"; };
		DDCEADF51E26488200EF98C4 /* DatePickerController.swift */ = {isa = PBXFileReference; fileEncoding = 4; lastKnownFileType = sourcecode.swift; path = DatePickerController.swift; sourceTree = "<group>"; };
/* End PBXFileReference section */

/* Begin PBXFrameworksBuildPhase section */
		DD159A381E0FC3AC0045F71B /* Frameworks */ = {
			isa = PBXFrameworksBuildPhase;
			buildActionMask = 2147483647;
			files = (
				42C828A040D963F2BE9CE5F1 /* Pods_Pippip.framework in Frameworks */,
			);
			runOnlyForDeploymentPostprocessing = 0;
		};
		DD159A4F1E0FC3AC0045F71B /* Frameworks */ = {
			isa = PBXFrameworksBuildPhase;
			buildActionMask = 2147483647;
			files = (
				A84D05F72E5F4BB24C0DA169 /* Pods_PippipTests.framework in Frameworks */,
			);
			runOnlyForDeploymentPostprocessing = 0;
		};
		DD159A5A1E0FC3AC0045F71B /* Frameworks */ = {
			isa = PBXFrameworksBuildPhase;
			buildActionMask = 2147483647;
			files = (
				8C268E72026CF946BB78A612 /* Pods_PippipUITests.framework in Frameworks */,
			);
			runOnlyForDeploymentPostprocessing = 0;
		};
/* End PBXFrameworksBuildPhase section */

/* Begin PBXGroup section */
		A3E87A040A635289B481435C /* Pods */ = {
			isa = PBXGroup;
			children = (
				B277DB900042FDBE80E59DEA /* Pods-Pippip.debug.xcconfig */,
				576897C1705CDBC153791598 /* Pods-Pippip.release.xcconfig */,
				5B599649C5E8DBC6C26F63A0 /* Pods-PippipTests.debug.xcconfig */,
				7F487989D45DEA73EBA07FA0 /* Pods-PippipTests.release.xcconfig */,
				76F37B21D49D80FB3DA9C0D1 /* Pods-PippipUITests.debug.xcconfig */,
				D4F845B9FE47A5D4F7233771 /* Pods-PippipUITests.release.xcconfig */,
			);
			name = Pods;
			sourceTree = "<group>";
		};
		BB886E89D0A7EB5EB21043E5 /* Frameworks */ = {
			isa = PBXGroup;
			children = (
				04164370A78B15AED1D1EA6E /* Pods_Pippip.framework */,
				50D2646C0E5BB73F5B899872 /* Pods_PippipTests.framework */,
				BDCCE65B92297B113F4AC72A /* Pods_PippipUITests.framework */,
			);
			name = Frameworks;
			sourceTree = "<group>";
		};
		DD159A321E0FC3AC0045F71B = {
			isa = PBXGroup;
			children = (
				DD159A3D1E0FC3AC0045F71B /* Pippip */,
				DD159A551E0FC3AC0045F71B /* PippipTests */,
				DD159A601E0FC3AC0045F71B /* PippipUITests */,
				DD159A3C1E0FC3AC0045F71B /* Products */,
				A3E87A040A635289B481435C /* Pods */,
				BB886E89D0A7EB5EB21043E5 /* Frameworks */,
			);
			sourceTree = "<group>";
		};
		DD159A3C1E0FC3AC0045F71B /* Products */ = {
			isa = PBXGroup;
			children = (
				DD159A3B1E0FC3AC0045F71B /* Pippip.app */,
				DD159A521E0FC3AC0045F71B /* PippipTests.xctest */,
				DD159A5D1E0FC3AC0045F71B /* PippipUITests.xctest */,
			);
			name = Products;
			sourceTree = "<group>";
		};
		DD159A3D1E0FC3AC0045F71B /* Pippip */ = {
			isa = PBXGroup;
			children = (
				DD1A01C81E1E260000F4A303 /* Helpers */,
				DD1A01C61E1E25CB00F4A303 /* Model */,
				DD1A01C71E1E25DE00F4A303 /* Controller */,
				DD0561721E101D870037B29B /* Pippip.entitlements */,
				DD159A3E1E0FC3AC0045F71B /* AppDelegate.swift */,
				DD159A401E0FC3AC0045F71B /* ViewController.swift */,
				DD159A421E0FC3AC0045F71B /* Main.storyboard */,
				DDCEADF51E26488200EF98C4 /* DatePickerController.swift */,
				DD159A481E0FC3AC0045F71B /* Assets.xcassets */,
				DD159A4A1E0FC3AC0045F71B /* LaunchScreen.storyboard */,
				DD159A4D1E0FC3AC0045F71B /* Info.plist */,
				DD159A451E0FC3AC0045F71B /* Pippip.xcdatamodeld */,
				DD159A6F1E0FC40A0045F71B /* GoogleService-Info.plist */,
			);
			path = Pippip;
			sourceTree = "<group>";
		};
		DD159A551E0FC3AC0045F71B /* PippipTests */ = {
			isa = PBXGroup;
			children = (
				DD159A561E0FC3AC0045F71B /* PippipTests.swift */,
				DD159A581E0FC3AC0045F71B /* Info.plist */,
			);
			path = PippipTests;
			sourceTree = "<group>";
		};
		DD159A601E0FC3AC0045F71B /* PippipUITests */ = {
			isa = PBXGroup;
			children = (
				DD159A611E0FC3AC0045F71B /* PippipUITests.swift */,
				DD159A631E0FC3AC0045F71B /* Info.plist */,
			);
			path = PippipUITests;
			sourceTree = "<group>";
		};
		DD1A01C61E1E25CB00F4A303 /* Model */ = {
			isa = PBXGroup;
			children = (
				DD9ECA961E1CF26000673F5B /* User.swift */,
				DD1A01CB1E1E26A900F4A303 /* Message.swift */,
			);
			name = Model;
			sourceTree = "<group>";
		};
		DD1A01C71E1E25DE00F4A303 /* Controller */ = {
			isa = PBXGroup;
			children = (
				DD2216CC1E24656C00564F9F /* TabBarController.swift */,
				DD9ECA941E1CF04900673F5B /* chatRoomController.swift */,
				DD76493D1E1805C6007BFF56 /* chatController.swift */,
				DD5A121C1E1553D8005A70A8 /* SingUpController.swift */,
				DD0561701E100CBF0037B29B /* SingInViewController.swift */,
				DD1A01CD1E1E3B8300F4A303 /* roomChatController.swift */,
				DD2216CE1E25D09A00564F9F /* settingController.swift */,
				DDCEADF31E26384800EF98C4 /* addConditionController.swift */,
				DD2819A91E293B7800E0C7D0 /* addConToFriendController.swift */,
				DD2819A71E29226700E0C7D0 /* conditionRoomController.swift */,
			);
			name = Controller;
			sourceTree = "<group>";
		};
		DD1A01C81E1E260000F4A303 /* Helpers */ = {
			isa = PBXGroup;
			children = (
				DD9ECA921E1CF01100673F5B /* roomCell.swift */,
				DD9ECA9A1E1CF41200673F5B /* Extensions.swift */,
				DDCEADF11E2637AD00EF98C4 /* ConditionCell.swift */,
			);
			name = Helpers;
			sourceTree = "<group>";
		};
/* End PBXGroup section */

/* Begin PBXNativeTarget section */
		DD159A3A1E0FC3AC0045F71B /* Pippip */ = {
			isa = PBXNativeTarget;
			buildConfigurationList = DD159A661E0FC3AC0045F71B /* Build configuration list for PBXNativeTarget "Pippip" */;
			buildPhases = (
				42EB3E08742ECC8E79FBACB0 /* [CP] Check Pods Manifest.lock */,
				DD159A371E0FC3AC0045F71B /* Sources */,
				DD159A381E0FC3AC0045F71B /* Frameworks */,
				DD159A391E0FC3AC0045F71B /* Resources */,
				CCDDCC13AA1269FF7B0033B8 /* [CP] Embed Pods Frameworks */,
				38CFF91775A840FAC49C4852 /* [CP] Copy Pods Resources */,
			);
			buildRules = (
			);
			dependencies = (
			);
			name = Pippip;
			productName = Pippip;
			productReference = DD159A3B1E0FC3AC0045F71B /* Pippip.app */;
			productType = "com.apple.product-type.application";
		};
		DD159A511E0FC3AC0045F71B /* PippipTests */ = {
			isa = PBXNativeTarget;
			buildConfigurationList = DD159A691E0FC3AC0045F71B /* Build configuration list for PBXNativeTarget "PippipTests" */;
			buildPhases = (
				3657E36DC0D972784F18CBF4 /* [CP] Check Pods Manifest.lock */,
				DD159A4E1E0FC3AC0045F71B /* Sources */,
				DD159A4F1E0FC3AC0045F71B /* Frameworks */,
				DD159A501E0FC3AC0045F71B /* Resources */,
				4367FB05D16B4FC0155B38FC /* [CP] Embed Pods Frameworks */,
				6EFDCC4AE376769127FE2477 /* [CP] Copy Pods Resources */,
			);
			buildRules = (
			);
			dependencies = (
				DD159A541E0FC3AC0045F71B /* PBXTargetDependency */,
			);
			name = PippipTests;
			productName = PippipTests;
			productReference = DD159A521E0FC3AC0045F71B /* PippipTests.xctest */;
			productType = "com.apple.product-type.bundle.unit-test";
		};
		DD159A5C1E0FC3AC0045F71B /* PippipUITests */ = {
			isa = PBXNativeTarget;
			buildConfigurationList = DD159A6C1E0FC3AC0045F71B /* Build configuration list for PBXNativeTarget "PippipUITests" */;
			buildPhases = (
				24056A0938B27E1D661F515B /* [CP] Check Pods Manifest.lock */,
				DD159A591E0FC3AC0045F71B /* Sources */,
				DD159A5A1E0FC3AC0045F71B /* Frameworks */,
				DD159A5B1E0FC3AC0045F71B /* Resources */,
				55D02E8C04057BF602E3BC37 /* [CP] Copy Pods Resources */,
				3F914FF387A637E05B8183F1 /* [CP] Embed Pods Frameworks */,
			);
			buildRules = (
			);
			dependencies = (
				DD159A5F1E0FC3AC0045F71B /* PBXTargetDependency */,
			);
			name = PippipUITests;
			productName = PippipUITests;
			productReference = DD159A5D1E0FC3AC0045F71B /* PippipUITests.xctest */;
			productType = "com.apple.product-type.bundle.ui-testing";
		};
/* End PBXNativeTarget section */

/* Begin PBXProject section */
		DD159A331E0FC3AC0045F71B /* Project object */ = {
			isa = PBXProject;
			attributes = {
				LastSwiftUpdateCheck = 0800;
				LastUpgradeCheck = 0800;
				ORGANIZATIONNAME = "Kawewut Chujit";
				TargetAttributes = {
					DD159A3A1E0FC3AC0045F71B = {
						CreatedOnToolsVersion = 8.0;
						DevelopmentTeam = 66LXTJRV3F;
						ProvisioningStyle = Automatic;
						SystemCapabilities = {
							com.apple.Keychain = {
								enabled = 1;
							};
						};
					};
					DD159A511E0FC3AC0045F71B = {
						CreatedOnToolsVersion = 8.0;
						ProvisioningStyle = Automatic;
						TestTargetID = DD159A3A1E0FC3AC0045F71B;
					};
					DD159A5C1E0FC3AC0045F71B = {
						CreatedOnToolsVersion = 8.0;
						ProvisioningStyle = Automatic;
						TestTargetID = DD159A3A1E0FC3AC0045F71B;
					};
				};
			};
			buildConfigurationList = DD159A361E0FC3AC0045F71B /* Build configuration list for PBXProject "Pippip" */;
			compatibilityVersion = "Xcode 3.2";
			developmentRegion = English;
			hasScannedForEncodings = 0;
			knownRegions = (
				en,
				Base,
			);
			mainGroup = DD159A321E0FC3AC0045F71B;
			productRefGroup = DD159A3C1E0FC3AC0045F71B /* Products */;
			projectDirPath = "";
			projectRoot = "";
			targets = (
				DD159A3A1E0FC3AC0045F71B /* Pippip */,
				DD159A511E0FC3AC0045F71B /* PippipTests */,
				DD159A5C1E0FC3AC0045F71B /* PippipUITests */,
			);
		};
/* End PBXProject section */

/* Begin PBXResourcesBuildPhase section */
		DD159A391E0FC3AC0045F71B /* Resources */ = {
			isa = PBXResourcesBuildPhase;
			buildActionMask = 2147483647;
			files = (
				DD159A4C1E0FC3AC0045F71B /* LaunchScreen.storyboard in Resources */,
				DD159A701E0FC40A0045F71B /* GoogleService-Info.plist in Resources */,
				DD159A491E0FC3AC0045F71B /* Assets.xcassets in Resources */,
				DD159A441E0FC3AC0045F71B /* Main.storyboard in Resources */,
			);
			runOnlyForDeploymentPostprocessing = 0;
		};
		DD159A501E0FC3AC0045F71B /* Resources */ = {
			isa = PBXResourcesBuildPhase;
			buildActionMask = 2147483647;
			files = (
			);
			runOnlyForDeploymentPostprocessing = 0;
		};
		DD159A5B1E0FC3AC0045F71B /* Resources */ = {
			isa = PBXResourcesBuildPhase;
			buildActionMask = 2147483647;
			files = (
			);
			runOnlyForDeploymentPostprocessing = 0;
		};
/* End PBXResourcesBuildPhase section */

/* Begin PBXShellScriptBuildPhase section */
		24056A0938B27E1D661F515B /* [CP] Check Pods Manifest.lock */ = {
			isa = PBXShellScriptBuildPhase;
			buildActionMask = 2147483647;
			files = (
			);
			inputPaths = (
			);
			name = "[CP] Check Pods Manifest.lock";
			outputPaths = (
			);
			runOnlyForDeploymentPostprocessing = 0;
			shellPath = /bin/sh;
			shellScript = "diff \"${PODS_ROOT}/../Podfile.lock\" \"${PODS_ROOT}/Manifest.lock\" > /dev/null\nif [ $? != 0 ] ; then\n    # print error to STDERR\n    echo \"error: The sandbox is not in sync with the Podfile.lock. Run 'pod install' or update your CocoaPods installation.\" >&2\n    exit 1\nfi\n";
			showEnvVarsInLog = 0;
		};
		3657E36DC0D972784F18CBF4 /* [CP] Check Pods Manifest.lock */ = {
			isa = PBXShellScriptBuildPhase;
			buildActionMask = 2147483647;
			files = (
			);
			inputPaths = (
			);
			name = "[CP] Check Pods Manifest.lock";
			outputPaths = (
			);
			runOnlyForDeploymentPostprocessing = 0;
			shellPath = /bin/sh;
			shellScript = "diff \"${PODS_ROOT}/../Podfile.lock\" \"${PODS_ROOT}/Manifest.lock\" > /dev/null\nif [ $? != 0 ] ; then\n    # print error to STDERR\n    echo \"error: The sandbox is not in sync with the Podfile.lock. Run 'pod install' or update your CocoaPods installation.\" >&2\n    exit 1\nfi\n";
			showEnvVarsInLog = 0;
		};
		38CFF91775A840FAC49C4852 /* [CP] Copy Pods Resources */ = {
			isa = PBXShellScriptBuildPhase;
			buildActionMask = 2147483647;
			files = (
			);
			inputPaths = (
			);
			name = "[CP] Copy Pods Resources";
			outputPaths = (
			);
			runOnlyForDeploymentPostprocessing = 0;
			shellPath = /bin/sh;
			shellScript = "\"${SRCROOT}/Pods/Target Support Files/Pods-Pippip/Pods-Pippip-resources.sh\"\n";
			showEnvVarsInLog = 0;
		};
		3F914FF387A637E05B8183F1 /* [CP] Embed Pods Frameworks */ = {
			isa = PBXShellScriptBuildPhase;
			buildActionMask = 2147483647;
			files = (
			);
			inputPaths = (
			);
			name = "[CP] Embed Pods Frameworks";
			outputPaths = (
			);
			runOnlyForDeploymentPostprocessing = 0;
			shellPath = /bin/sh;
			shellScript = "\"${SRCROOT}/Pods/Target Support Files/Pods-PippipUITests/Pods-PippipUITests-frameworks.sh\"\n";
			showEnvVarsInLog = 0;
		};
		42EB3E08742ECC8E79FBACB0 /* [CP] Check Pods Manifest.lock */ = {
			isa = PBXShellScriptBuildPhase;
			buildActionMask = 2147483647;
			files = (
			);
			inputPaths = (
			);
			name = "[CP] Check Pods Manifest.lock";
			outputPaths = (
			);
			runOnlyForDeploymentPostprocessing = 0;
			shellPath = /bin/sh;
			shellScript = "diff \"${PODS_ROOT}/../Podfile.lock\" \"${PODS_ROOT}/Manifest.lock\" > /dev/null\nif [ $? != 0 ] ; then\n    # print error to STDERR\n    echo \"error: The sandbox is not in sync with the Podfile.lock. Run 'pod install' or update your CocoaPods installation.\" >&2\n    exit 1\nfi\n";
			showEnvVarsInLog = 0;
		};
		4367FB05D16B4FC0155B38FC /* [CP] Embed Pods Frameworks */ = {
			isa = PBXShellScriptBuildPhase;
			buildActionMask = 2147483647;
			files = (
			);
			inputPaths = (
			);
			name = "[CP] Embed Pods Frameworks";
			outputPaths = (
			);
			runOnlyForDeploymentPostprocessing = 0;
			shellPath = /bin/sh;
			shellScript = "\"${SRCROOT}/Pods/Target Support Files/Pods-PippipTests/Pods-PippipTests-frameworks.sh\"\n";
			showEnvVarsInLog = 0;
		};
		55D02E8C04057BF602E3BC37 /* [CP] Copy Pods Resources */ = {
			isa = PBXShellScriptBuildPhase;
			buildActionMask = 2147483647;
			files = (
			);
			inputPaths = (
			);
			name = "[CP] Copy Pods Resources";
			outputPaths = (
			);
			runOnlyForDeploymentPostprocessing = 0;
			shellPath = /bin/sh;
			shellScript = "\"${SRCROOT}/Pods/Target Support Files/Pods-PippipUITests/Pods-PippipUITests-resources.sh\"\n";
			showEnvVarsInLog = 0;
		};
		6EFDCC4AE376769127FE2477 /* [CP] Copy Pods Resources */ = {
			isa = PBXShellScriptBuildPhase;
			buildActionMask = 2147483647;
			files = (
			);
			inputPaths = (
			);
			name = "[CP] Copy Pods Resources";
			outputPaths = (
			);
			runOnlyForDeploymentPostprocessing = 0;
			shellPath = /bin/sh;
			shellScript = "\"${SRCROOT}/Pods/Target Support Files/Pods-PippipTests/Pods-PippipTests-resources.sh\"\n";
			showEnvVarsInLog = 0;
		};
		CCDDCC13AA1269FF7B0033B8 /* [CP] Embed Pods Frameworks */ = {
			isa = PBXShellScriptBuildPhase;
			buildActionMask = 2147483647;
			files = (
			);
			inputPaths = (
			);
			name = "[CP] Embed Pods Frameworks";
			outputPaths = (
			);
			runOnlyForDeploymentPostprocessing = 0;
			shellPath = /bin/sh;
			shellScript = "\"${SRCROOT}/Pods/Target Support Files/Pods-Pippip/Pods-Pippip-frameworks.sh\"\n";
			showEnvVarsInLog = 0;
		};
/* End PBXShellScriptBuildPhase section */

/* Begin PBXSourcesBuildPhase section */
		DD159A371E0FC3AC0045F71B /* Sources */ = {
			isa = PBXSourcesBuildPhase;
			buildActionMask = 2147483647;
			files = (
				DD1A01CE1E1E3B8300F4A303 /* roomChatController.swift in Sources */,
				DD2216CD1E24656C00564F9F /* TabBarController.swift in Sources */,
				DD0561711E100CBF0037B29B /* SingInViewController.swift in Sources */,
				DD2819AA1E293B7800E0C7D0 /* addConToFriendController.swift in Sources */,
				DD159A411E0FC3AC0045F71B /* ViewController.swift in Sources */,
				DD2216CF1E25D09A00564F9F /* settingController.swift in Sources */,
				DD5A121D1E1553D8005A70A8 /* SingUpController.swift in Sources */,
				DD159A3F1E0FC3AC0045F71B /* AppDelegate.swift in Sources */,
				DD9ECA951E1CF04900673F5B /* chatRoomController.swift in Sources */,
				DD9ECA9B1E1CF41200673F5B /* Extensions.swift in Sources */,
				DD1A01CC1E1E26A900F4A303 /* Message.swift in Sources */,
				DDCEADF21E2637AD00EF98C4 /* ConditionCell.swift in Sources */,
				DDCEADF41E26384800EF98C4 /* addConditionController.swift in Sources */,
				DDCEADF61E26488200EF98C4 /* DatePickerController.swift in Sources */,
				DD9ECA971E1CF26000673F5B /* User.swift in Sources */,
				DD9ECA931E1CF01100673F5B /* roomCell.swift in Sources */,
				DD159A471E0FC3AC0045F71B /* Pippip.xcdatamodeld in Sources */,
				DD2819A81E29226700E0C7D0 /* conditionRoomController.swift in Sources */,
				DD76493E1E1805C6007BFF56 /* chatController.swift in Sources */,
			);
			runOnlyForDeploymentPostprocessing = 0;
		};
		DD159A4E1E0FC3AC0045F71B /* Sources */ = {
			isa = PBXSourcesBuildPhase;
			buildActionMask = 2147483647;
			files = (
				DD159A571E0FC3AC0045F71B /* PippipTests.swift in Sources */,
			);
			runOnlyForDeploymentPostprocessing = 0;
		};
		DD159A591E0FC3AC0045F71B /* Sources */ = {
			isa = PBXSourcesBuildPhase;
			buildActionMask = 2147483647;
			files = (
				DD159A621E0FC3AC0045F71B /* PippipUITests.swift in Sources */,
			);
			runOnlyForDeploymentPostprocessing = 0;
		};
/* End PBXSourcesBuildPhase section */

/* Begin PBXTargetDependency section */
		DD159A541E0FC3AC0045F71B /* PBXTargetDependency */ = {
			isa = PBXTargetDependency;
			target = DD159A3A1E0FC3AC0045F71B /* Pippip */;
			targetProxy = DD159A531E0FC3AC0045F71B /* PBXContainerItemProxy */;
		};
		DD159A5F1E0FC3AC0045F71B /* PBXTargetDependency */ = {
			isa = PBXTargetDependency;
			target = DD159A3A1E0FC3AC0045F71B /* Pippip */;
			targetProxy = DD159A5E1E0FC3AC0045F71B /* PBXContainerItemProxy */;
		};
/* End PBXTargetDependency section */

/* Begin PBXVariantGroup section */
		DD159A421E0FC3AC0045F71B /* Main.storyboard */ = {
			isa = PBXVariantGroup;
			children = (
				DD159A431E0FC3AC0045F71B /* Base */,
			);
			name = Main.storyboard;
			sourceTree = "<group>";
		};
		DD159A4A1E0FC3AC0045F71B /* LaunchScreen.storyboard */ = {
			isa = PBXVariantGroup;
			children = (
				DD159A4B1E0FC3AC0045F71B /* Base */,
			);
			name = LaunchScreen.storyboard;
			sourceTree = "<group>";
		};
/* End PBXVariantGroup section */

/* Begin XCBuildConfiguration section */
		DD159A641E0FC3AC0045F71B /* Debug */ = {
			isa = XCBuildConfiguration;
			buildSettings = {
				ALWAYS_SEARCH_USER_PATHS = NO;
				CLANG_ANALYZER_NONNULL = YES;
				CLANG_CXX_LANGUAGE_STANDARD = "gnu++0x";
				CLANG_CXX_LIBRARY = "libc++";
				CLANG_ENABLE_MODULES = YES;
				CLANG_ENABLE_OBJC_ARC = YES;
				CLANG_WARN_BOOL_CONVERSION = YES;
				CLANG_WARN_CONSTANT_CONVERSION = YES;
				CLANG_WARN_DIRECT_OBJC_ISA_USAGE = YES_ERROR;
				CLANG_WARN_DOCUMENTATION_COMMENTS = YES;
				CLANG_WARN_EMPTY_BODY = YES;
				CLANG_WARN_ENUM_CONVERSION = YES;
				CLANG_WARN_INFINITE_RECURSION = YES;
				CLANG_WARN_INT_CONVERSION = YES;
				CLANG_WARN_OBJC_ROOT_CLASS = YES_ERROR;
				CLANG_WARN_SUSPICIOUS_MOVES = YES;
				CLANG_WARN_UNREACHABLE_CODE = YES;
				CLANG_WARN__DUPLICATE_METHOD_MATCH = YES;
				"CODE_SIGN_IDENTITY[sdk=iphoneos*]" = "iPhone Developer";
				COPY_PHASE_STRIP = NO;
				DEBUG_INFORMATION_FORMAT = dwarf;
				ENABLE_STRICT_OBJC_MSGSEND = YES;
				ENABLE_TESTABILITY = YES;
				GCC_C_LANGUAGE_STANDARD = gnu99;
				GCC_DYNAMIC_NO_PIC = NO;
				GCC_NO_COMMON_BLOCKS = YES;
				GCC_OPTIMIZATION_LEVEL = 0;
				GCC_PREPROCESSOR_DEFINITIONS = (
					"DEBUG=1",
					"$(inherited)",
				);
				GCC_WARN_64_TO_32_BIT_CONVERSION = YES;
				GCC_WARN_ABOUT_RETURN_TYPE = YES_ERROR;
				GCC_WARN_UNDECLARED_SELECTOR = YES;
				GCC_WARN_UNINITIALIZED_AUTOS = YES_AGGRESSIVE;
				GCC_WARN_UNUSED_FUNCTION = YES;
				GCC_WARN_UNUSED_VARIABLE = YES;
				IPHONEOS_DEPLOYMENT_TARGET = 10.0;
				MTL_ENABLE_DEBUG_INFO = YES;
				ONLY_ACTIVE_ARCH = YES;
				SDKROOT = iphoneos;
				SWIFT_ACTIVE_COMPILATION_CONDITIONS = DEBUG;
				SWIFT_OPTIMIZATION_LEVEL = "-Onone";
				TARGETED_DEVICE_FAMILY = "1,2";
			};
			name = Debug;
		};
		DD159A651E0FC3AC0045F71B /* Release */ = {
			isa = XCBuildConfiguration;
			buildSettings = {
				ALWAYS_SEARCH_USER_PATHS = NO;
				CLANG_ANALYZER_NONNULL = YES;
				CLANG_CXX_LANGUAGE_STANDARD = "gnu++0x";
				CLANG_CXX_LIBRARY = "libc++";
				CLANG_ENABLE_MODULES = YES;
				CLANG_ENABLE_OBJC_ARC = YES;
				CLANG_WARN_BOOL_CONVERSION = YES;
				CLANG_WARN_CONSTANT_CONVERSION = YES;
				CLANG_WARN_DIRECT_OBJC_ISA_USAGE = YES_ERROR;
				CLANG_WARN_DOCUMENTATION_COMMENTS = YES;
				CLANG_WARN_EMPTY_BODY = YES;
				CLANG_WARN_ENUM_CONVERSION = YES;
				CLANG_WARN_INFINITE_RECURSION = YES;
				CLANG_WARN_INT_CONVERSION = YES;
				CLANG_WARN_OBJC_ROOT_CLASS = YES_ERROR;
				CLANG_WARN_SUSPICIOUS_MOVES = YES;
				CLANG_WARN_UNREACHABLE_CODE = YES;
				CLANG_WARN__DUPLICATE_METHOD_MATCH = YES;
				"CODE_SIGN_IDENTITY[sdk=iphoneos*]" = "iPhone Developer";
				COPY_PHASE_STRIP = NO;
				DEBUG_INFORMATION_FORMAT = "dwarf-with-dsym";
				ENABLE_NS_ASSERTIONS = NO;
				ENABLE_STRICT_OBJC_MSGSEND = YES;
				GCC_C_LANGUAGE_STANDARD = gnu99;
				GCC_NO_COMMON_BLOCKS = YES;
				GCC_WARN_64_TO_32_BIT_CONVERSION = YES;
				GCC_WARN_ABOUT_RETURN_TYPE = YES_ERROR;
				GCC_WARN_UNDECLARED_SELECTOR = YES;
				GCC_WARN_UNINITIALIZED_AUTOS = YES_AGGRESSIVE;
				GCC_WARN_UNUSED_FUNCTION = YES;
				GCC_WARN_UNUSED_VARIABLE = YES;
				IPHONEOS_DEPLOYMENT_TARGET = 10.0;
				MTL_ENABLE_DEBUG_INFO = NO;
				SDKROOT = iphoneos;
				SWIFT_OPTIMIZATION_LEVEL = "-Owholemodule";
				TARGETED_DEVICE_FAMILY = "1,2";
				VALIDATE_PRODUCT = YES;
			};
			name = Release;
		};
		DD159A671E0FC3AC0045F71B /* Debug */ = {
			isa = XCBuildConfiguration;
			baseConfigurationReference = B277DB900042FDBE80E59DEA /* Pods-Pippip.debug.xcconfig */;
			buildSettings = {
				ASSETCATALOG_COMPILER_APPICON_NAME = AppIcon;
				CODE_SIGN_ENTITLEMENTS = Pippip/Pippip.entitlements;
				DEVELOPMENT_TEAM = 66LXTJRV3F;
				INFOPLIST_FILE = Pippip/Info.plist;
				LD_RUNPATH_SEARCH_PATHS = "$(inherited) @executable_path/Frameworks";
				PRODUCT_BUNDLE_IDENTIFIER = com.NSC.Pippip;
				PRODUCT_NAME = "$(TARGET_NAME)";
				SWIFT_VERSION = 3.0;
			};
			name = Debug;
		};
		DD159A681E0FC3AC0045F71B /* Release */ = {
			isa = XCBuildConfiguration;
			baseConfigurationReference = 576897C1705CDBC153791598 /* Pods-Pippip.release.xcconfig */;
			buildSettings = {
				ASSETCATALOG_COMPILER_APPICON_NAME = AppIcon;
				CODE_SIGN_ENTITLEMENTS = Pippip/Pippip.entitlements;
				DEVELOPMENT_TEAM = 66LXTJRV3F;
				INFOPLIST_FILE = Pippip/Info.plist;
				LD_RUNPATH_SEARCH_PATHS = "$(inherited) @executable_path/Frameworks";
				PRODUCT_BUNDLE_IDENTIFIER = com.NSC.Pippip;
				PRODUCT_NAME = "$(TARGET_NAME)";
				SWIFT_VERSION = 3.0;
			};
			name = Release;
		};
		DD159A6A1E0FC3AC0045F71B /* Debug */ = {
			isa = XCBuildConfiguration;
			baseConfigurationReference = 5B599649C5E8DBC6C26F63A0 /* Pods-PippipTests.debug.xcconfig */;
			buildSettings = {
				ALWAYS_EMBED_SWIFT_STANDARD_LIBRARIES = YES;
				BUNDLE_LOADER = "$(TEST_HOST)";
				INFOPLIST_FILE = PippipTests/Info.plist;
				LD_RUNPATH_SEARCH_PATHS = "$(inherited) @executable_path/Frameworks @loader_path/Frameworks";
				PRODUCT_BUNDLE_IDENTIFIER = "-.0.PippipTests";
				PRODUCT_NAME = "$(TARGET_NAME)";
				SWIFT_VERSION = 3.0;
				TEST_HOST = "$(BUILT_PRODUCTS_DIR)/Pippip.app/Pippip";
			};
			name = Debug;
		};
		DD159A6B1E0FC3AC0045F71B /* Release */ = {
			isa = XCBuildConfiguration;
			baseConfigurationReference = 7F487989D45DEA73EBA07FA0 /* Pods-PippipTests.release.xcconfig */;
			buildSettings = {
				ALWAYS_EMBED_SWIFT_STANDARD_LIBRARIES = YES;
				BUNDLE_LOADER = "$(TEST_HOST)";
				INFOPLIST_FILE = PippipTests/Info.plist;
				LD_RUNPATH_SEARCH_PATHS = "$(inherited) @executable_path/Frameworks @loader_path/Frameworks";
				PRODUCT_BUNDLE_IDENTIFIER = "-.0.PippipTests";
				PRODUCT_NAME = "$(TARGET_NAME)";
				SWIFT_VERSION = 3.0;
				TEST_HOST = "$(BUILT_PRODUCTS_DIR)/Pippip.app/Pippip";
			};
			name = Release;
		};
		DD159A6D1E0FC3AC0045F71B /* Debug */ = {
			isa = XCBuildConfiguration;
			baseConfigurationReference = 76F37B21D49D80FB3DA9C0D1 /* Pods-PippipUITests.debug.xcconfig */;
			buildSettings = {
				ALWAYS_EMBED_SWIFT_STANDARD_LIBRARIES = YES;
				INFOPLIST_FILE = PippipUITests/Info.plist;
				LD_RUNPATH_SEARCH_PATHS = "$(inherited) @executable_path/Frameworks @loader_path/Frameworks";
				PRODUCT_BUNDLE_IDENTIFIER = "-.0.PippipUITests";
				PRODUCT_NAME = "$(TARGET_NAME)";
				SWIFT_VERSION = 3.0;
				TEST_TARGET_NAME = Pippip;
			};
			name = Debug;
		};
		DD159A6E1E0FC3AC0045F71B /* Release */ = {
			isa = XCBuildConfiguration;
			baseConfigurationReference = D4F845B9FE47A5D4F7233771 /* Pods-PippipUITests.release.xcconfig */;
			buildSettings = {
				ALWAYS_EMBED_SWIFT_STANDARD_LIBRARIES = YES;
				INFOPLIST_FILE = PippipUITests/Info.plist;
				LD_RUNPATH_SEARCH_PATHS = "$(inherited) @executable_path/Frameworks @loader_path/Frameworks";
				PRODUCT_BUNDLE_IDENTIFIER = "-.0.PippipUITests";
				PRODUCT_NAME = "$(TARGET_NAME)";
				SWIFT_VERSION = 3.0;
				TEST_TARGET_NAME = Pippip;
			};
			name = Release;
		};
/* End XCBuildConfiguration section */

/* Begin XCConfigurationList section */
		DD159A361E0FC3AC0045F71B /* Build configuration list for PBXProject "Pippip" */ = {
			isa = XCConfigurationList;
			buildConfigurations = (
				DD159A641E0FC3AC0045F71B /* Debug */,
				DD159A651E0FC3AC0045F71B /* Release */,
			);
			defaultConfigurationIsVisible = 0;
			defaultConfigurationName = Release;
		};
		DD159A661E0FC3AC0045F71B /* Build configuration list for PBXNativeTarget "Pippip" */ = {
			isa = XCConfigurationList;
			buildConfigurations = (
				DD159A671E0FC3AC0045F71B /* Debug */,
				DD159A681E0FC3AC0045F71B /* Release */,
			);
			defaultConfigurationIsVisible = 0;
			defaultConfigurationName = Release;
		};
		DD159A691E0FC3AC0045F71B /* Build configuration list for PBXNativeTarget "PippipTests" */ = {
			isa = XCConfigurationList;
			buildConfigurations = (
				DD159A6A1E0FC3AC0045F71B /* Debug */,
				DD159A6B1E0FC3AC0045F71B /* Release */,
			);
			defaultConfigurationIsVisible = 0;
			defaultConfigurationName = Release;
		};
		DD159A6C1E0FC3AC0045F71B /* Build configuration list for PBXNativeTarget "PippipUITests" */ = {
			isa = XCConfigurationList;
			buildConfigurations = (
				DD159A6D1E0FC3AC0045F71B /* Debug */,
				DD159A6E1E0FC3AC0045F71B /* Release */,
			);
			defaultConfigurationIsVisible = 0;
			defaultConfigurationName = Release;
		};
/* End XCConfigurationList section */

/* Begin XCVersionGroup section */
		DD159A451E0FC3AC0045F71B /* Pippip.xcdatamodeld */ = {
			isa = XCVersionGroup;
			children = (
				DD159A461E0FC3AC0045F71B /* Pippip.xcdatamodel */,
			);
			currentVersion = DD159A461E0FC3AC0045F71B /* Pippip.xcdatamodel */;
			path = Pippip.xcdatamodeld;
			sourceTree = "<group>";
			versionGroupType = wrapper.xcdatamodel;
		};
/* End XCVersionGroup section */
	};
	rootObject = DD159A331E0FC3AC0045F71B /* Project object */;
}
